
Microsoft Visual Studio Solution File, Format Version 12.00
# Visual Studio Version 17
VisualStudioVersion = 17.14.36511.14 d17.14
MinimumVisualStudioVersion = 10.0.40219.1
Project("{FAE04EC0-301F-11D3-BF4B-00C04F79EFBC}") = "ej1", "ej1\ej1.csproj", "{9763B106-4A80-444D-A15D-A347E83D1B08}"
EndProject
Global
	GlobalSection(SolutionConfigurationPlatforms) = preSolution
		Debug|Any CPU = Debug|Any CPU
		Release|Any CPU = Release|Any CPU
	EndGlobalSection
	GlobalSection(ProjectConfigurationPlatforms) = postSolution
		{9763B106-4A80-444D-A15D-A347E83D1B08}.Debug|Any CPU.ActiveCfg = Debug|Any CPU
		{9763B106-4A80-444D-A15D-A347E83D1B08}.Debug|Any CPU.Build.0 = Debug|Any CPU
		{9763B106-4A80-444D-A15D-A347E83D1B08}.Release|Any CPU.ActiveCfg = Release|Any CPU
		{9763B106-4A80-444D-A15D-A347E83D1B08}.Release|Any CPU.Build.0 = Release|Any CPU
	EndGlobalSection
	GlobalSection(SolutionProperties) = preSolution
		HideSolutionNode = FALSE
	EndGlobalSection
	GlobalSection(ExtensibilityGlobals) = postSolution
		SolutionGuid = {3800885E-EB44-403F-98FE-C404DDAFC021}
	EndGlobalSection
EndGlobal
