
Microsoft Visual Studio Solution File, Format Version 12.00
# Visual Studio Version 17
VisualStudioVersion = 17.14.36511.14 d17.14
MinimumVisualStudioVersion = 10.0.40219.1
Project("{FAE04EC0-301F-11D3-BF4B-00C04F79EFBC}") = "ConsoleApp1", "ConsoleApp1\ConsoleApp1.csproj", "{FE4ACDF2-96DC-44DE-A4FA-7E9396AAC630}"
EndProject
Global
	GlobalSection(SolutionConfigurationPlatforms) = preSolution
		Debug|Any CPU = Debug|Any CPU
		Release|Any CPU = Release|Any CPU
	EndGlobalSection
	GlobalSection(ProjectConfigurationPlatforms) = postSolution
		{FE4ACDF2-96DC-44DE-A4FA-7E9396AAC630}.Debug|Any CPU.ActiveCfg = Debug|Any CPU
		{FE4ACDF2-96DC-44DE-A4FA-7E9396AAC630}.Debug|Any CPU.Build.0 = Debug|Any CPU
		{FE4ACDF2-96DC-44DE-A4FA-7E9396AAC630}.Release|Any CPU.ActiveCfg = Release|Any CPU
		{FE4ACDF2-96DC-44DE-A4FA-7E9396AAC630}.Release|Any CPU.Build.0 = Release|Any CPU
	EndGlobalSection
	GlobalSection(SolutionProperties) = preSolution
		HideSolutionNode = FALSE
	EndGlobalSection
	GlobalSection(ExtensibilityGlobals) = postSolution
		SolutionGuid = {DD878DE5-6064-4AFA-8292-3AD50E214D70}
	EndGlobalSection
EndGlobal
