
Microsoft Visual Studio Solution File, Format Version 12.00
# Visual Studio Version 17
VisualStudioVersion = 17.14.36511.14 d17.14
MinimumVisualStudioVersion = 10.0.40219.1
Project("{FAE04EC0-301F-11D3-BF4B-00C04F79EFBC}") = "ej3", "ej3\ej3.csproj", "{12EFE096-35C5-4898-B909-50CA283469DD}"
EndProject
Global
	GlobalSection(SolutionConfigurationPlatforms) = preSolution
		Debug|Any CPU = Debug|Any CPU
		Release|Any CPU = Release|Any CPU
	EndGlobalSection
	GlobalSection(ProjectConfigurationPlatforms) = postSolution
		{12EFE096-35C5-4898-B909-50CA283469DD}.Debug|Any CPU.ActiveCfg = Debug|Any CPU
		{12EFE096-35C5-4898-B909-50CA283469DD}.Debug|Any CPU.Build.0 = Debug|Any CPU
		{12EFE096-35C5-4898-B909-50CA283469DD}.Release|Any CPU.ActiveCfg = Release|Any CPU
		{12EFE096-35C5-4898-B909-50CA283469DD}.Release|Any CPU.Build.0 = Release|Any CPU
	EndGlobalSection
	GlobalSection(SolutionProperties) = preSolution
		HideSolutionNode = FALSE
	EndGlobalSection
	GlobalSection(ExtensibilityGlobals) = postSolution
		SolutionGuid = {D203847D-5C52-438C-AA7C-520D4A3F91F7}
	EndGlobalSection
EndGlobal
