
Microsoft Visual Studio Solution File, Format Version 12.00
# Visual Studio Version 17
VisualStudioVersion = 17.14.36511.14 d17.14
MinimumVisualStudioVersion = 10.0.40219.1
Project("{FAE04EC0-301F-11D3-BF4B-00C04F79EFBC}") = "ejer2", "ejer2\ejer2.csproj", "{80C46721-DD3A-4EA7-8C1C-6110370D6884}"
EndProject
Global
	GlobalSection(SolutionConfigurationPlatforms) = preSolution
		Debug|Any CPU = Debug|Any CPU
		Release|Any CPU = Release|Any CPU
	EndGlobalSection
	GlobalSection(ProjectConfigurationPlatforms) = postSolution
		{80C46721-DD3A-4EA7-8C1C-6110370D6884}.Debug|Any CPU.ActiveCfg = Debug|Any CPU
		{80C46721-DD3A-4EA7-8C1C-6110370D6884}.Debug|Any CPU.Build.0 = Debug|Any CPU
		{80C46721-DD3A-4EA7-8C1C-6110370D6884}.Release|Any CPU.ActiveCfg = Release|Any CPU
		{80C46721-DD3A-4EA7-8C1C-6110370D6884}.Release|Any CPU.Build.0 = Release|Any CPU
	EndGlobalSection
	GlobalSection(SolutionProperties) = preSolution
		HideSolutionNode = FALSE
	EndGlobalSection
	GlobalSection(ExtensibilityGlobals) = postSolution
		SolutionGuid = {A6059394-2760-47E3-A3CA-41A3DA745A6A}
	EndGlobalSection
EndGlobal
